// !$*UTF8*$!
{
	archiveVersion = 1;
	classes = {
	};
	objectVersion = 50;
	objects = {

/* Begin PBXBuildFile section */
		CF5BAE48246DB86200EB1B60 /* DetailView.swift in Sources */ = {isa = PBXBuildFile; fileRef = CF5BAE47246DB86200EB1B60 /* DetailView.swift */; };
		CF5BAE4A246DBDE800EB1B60 /* WebView.swift in Sources */ = {isa = PBXBuildFile; fileRef = CF5BAE49246DBDE800EB1B60 /* WebView.swift */; };
		CFB50A92246D6BDD0081D853 /* AppDelegate.swift in Sources */ = {isa = PBXBuildFile; fileRef = CFB50A91246D6BDD0081D853 /* AppDelegate.swift */; };
		CFB50A94246D6BDD0081D853 /* SceneDelegate.swift in Sources */ = {isa = PBXBuildFile; fileRef = CFB50A93246D6BDD0081D853 /* SceneDelegate.swift */; };
		CFB50A96246D6BDD0081D853 /* ContentView.swift in Sources */ = {isa = PBXBuildFile; fileRef = CFB50A95246D6BDD0081D853 /* ContentView.swift */; };
		CFB50A98246D6BDF0081D853 /* Assets.xcassets in Resources */ = {isa = PBXBuildFile; fileRef = CFB50A97246D6BDF0081D853 /* Assets.xcassets */; };
		CFB50A9B246D6BDF0081D853 /* Preview Assets.xcassets in Resources */ = {isa = PBXBuildFile; fileRef = CFB50A9A246D6BDF0081D853 /* Preview Assets.xcassets */; };
		CFB50A9E246D6BDF0081D853 /* LaunchScreen.storyboard in Resources */ = {isa = PBXBuildFile; fileRef = CFB50A9C246D6BDF0081D853 /* LaunchScreen.storyboard */; };
		CFB50AA7246D70AA0081D853 /* NetworkManager.swift in Sources */ = {isa = PBXBuildFile; fileRef = CFB50AA6246D70AA0081D853 /* NetworkManager.swift */; };
		CFB50AA9246D72250081D853 /* PostData.swift in Sources */ = {isa = PBXBuildFile; fileRef = CFB50AA8246D72250081D853 /* PostData.swift */; };
/* End PBXBuildFile section */

/* Begin PBXFileReference section */
		CF29F907246DC100004511B6 /* Hacker.News.entitlements */ = {isa = PBXFileReference; lastKnownFileType = text.plist.entitlements; path = Hacker.News.entitlements; sourceTree = "<group>"; };
		CF5BAE47246DB86200EB1B60 /* DetailView.swift */ = {isa = PBXFileReference; lastKnownFileType = sourcecode.swift; path = DetailView.swift; sourceTree = "<group>"; };
		CF5BAE49246DBDE800EB1B60 /* WebView.swift */ = {isa = PBXFileReference; lastKnownFileType = sourcecode.swift; path = WebView.swift; sourceTree = "<group>"; };
		CFB50A8E246D6BDD0081D853 /* Hacker.News.app */ = {isa = PBXFileReference; explicitFileType = wrapper.application; includeInIndex = 0; path = Hacker.News.app; sourceTree = BUILT_PRODUCTS_DIR; };
		CFB50A91246D6BDD0081D853 /* AppDelegate.swift */ = {isa = PBXFileReference; lastKnownFileType = sourcecode.swift; path = AppDelegate.swift; sourceTree = "<group>"; };
		CFB50A93246D6BDD0081D853 /* SceneDelegate.swift */ = {isa = PBXFileReference; lastKnownFileType = sourcecode.swift; path = SceneDelegate.swift; sourceTree = "<group>"; };
		CFB50A95246D6BDD0081D853 /* ContentView.swift */ = {isa = PBXFileReference; lastKnownFileType = sourcecode.swift; path = ContentView.swift; sourceTree = "<group>"; };
		CFB50A97246D6BDF0081D853 /* Assets.xcassets */ = {isa = PBXFileReference; lastKnownFileType = folder.assetcatalog; path = Assets.xcassets; sourceTree = "<group>"; };
		CFB50A9A246D6BDF0081D853 /* Preview Assets.xcassets */ = {isa = PBXFileReference; lastKnownFileType = folder.assetcatalog; path = "Preview Assets.xcassets"; sourceTree = "<group>"; };
		CFB50A9D246D6BDF0081D853 /* Base */ = {isa = PBXFileReference; lastKnownFileType = file.storyboard; name = Base; path = Base.lproj/LaunchScreen.storyboard; sourceTree = "<group>"; };
		CFB50A9F246D6BDF0081D853 /* Info.plist */ = {isa = PBXFileReference; lastKnownFileType = text.plist.xml; path = Info.plist; sourceTree = "<group>"; };
		CFB50AA6246D70AA0081D853 /* NetworkManager.swift */ = {isa = PBXFileReference; lastKnownFileType = sourcecode.swift; path = NetworkManager.swift; sourceTree = "<group>"; };
		CFB50AA8246D72250081D853 /* PostData.swift */ = {isa = PBXFileReference; lastKnownFileType = sourcecode.swift; path = PostData.swift; sourceTree = "<group>"; };
/* End PBXFileReference section */

/* Begin PBXFrameworksBuildPhase section */
		CFB50A8B246D6BDD0081D853 /* Frameworks */ = {
			isa = PBXFrameworksBuildPhase;
			buildActionMask = 2147483647;
			files = (
			);
			runOnlyForDeploymentPostprocessing = 0;
		};
/* End PBXFrameworksBuildPhase section */

/* Begin PBXGroup section */
		CF5BAE46246DB84500EB1B60 /* Views */ = {
			isa = PBXGroup;
			children = (
				CFB50A95246D6BDD0081D853 /* ContentView.swift */,
				CF5BAE47246DB86200EB1B60 /* DetailView.swift */,
				CF5BAE49246DBDE800EB1B60 /* WebView.swift */,
			);
			path = Views;
			sourceTree = "<group>";
		};
		CFB50A85246D6BDD0081D853 = {
			isa = PBXGroup;
			children = (
				CFB50A90246D6BDD0081D853 /* Hacker.News */,
				CFB50A8F246D6BDD0081D853 /* Products */,
			);
			sourceTree = "<group>";
		};
		CFB50A8F246D6BDD0081D853 /* Products */ = {
			isa = PBXGroup;
			children = (
				CFB50A8E246D6BDD0081D853 /* Hacker.News.app */,
			);
			name = Products;
			sourceTree = "<group>";
		};
		CFB50A90246D6BDD0081D853 /* Hacker.News */ = {
			isa = PBXGroup;
			children = (
				CF29F907246DC100004511B6 /* Hacker.News.entitlements */,
				CFB50A91246D6BDD0081D853 /* AppDelegate.swift */,
				CFB50A93246D6BDD0081D853 /* SceneDelegate.swift */,
				CF5BAE46246DB84500EB1B60 /* Views */,
				CFB50AA5246D708F0081D853 /* Models */,
				CFB50A97246D6BDF0081D853 /* Assets.xcassets */,
				CFB50A9C246D6BDF0081D853 /* LaunchScreen.storyboard */,
				CFB50A9F246D6BDF0081D853 /* Info.plist */,
				CFB50A99246D6BDF0081D853 /* Preview Content */,
			);
			path = Hacker.News;
			sourceTree = "<group>";
		};
		CFB50A99246D6BDF0081D853 /* Preview Content */ = {
			isa = PBXGroup;
			children = (
				CFB50A9A246D6BDF0081D853 /* Preview Assets.xcassets */,
			);
			path = "Preview Content";
			sourceTree = "<group>";
		};
		CFB50AA5246D708F0081D853 /* Models */ = {
			isa = PBXGroup;
			children = (
				CFB50AA6246D70AA0081D853 /* NetworkManager.swift */,
				CFB50AA8246D72250081D853 /* PostData.swift */,
			);
			path = Models;
			sourceTree = "<group>";
		};
/* End PBXGroup section */

/* Begin PBXNativeTarget section */
		CFB50A8D246D6BDD0081D853 /* Hacker.News */ = {
			isa = PBXNativeTarget;
			buildConfigurationList = CFB50AA2246D6BDF0081D853 /* Build configuration list for PBXNativeTarget "Hacker.News" */;
			buildPhases = (
				CFB50A8A246D6BDD0081D853 /* Sources */,
				CFB50A8B246D6BDD0081D853 /* Frameworks */,
				CFB50A8C246D6BDD0081D853 /* Resources */,
			);
			buildRules = (
			);
			dependencies = (
			);
			name = Hacker.News;
			productName = Hacker.News;
			productReference = CFB50A8E246D6BDD0081D853 /* Hacker.News.app */;
			productType = "com.apple.product-type.application";
		};
/* End PBXNativeTarget section */

/* Begin PBXProject section */
		CFB50A86246D6BDD0081D853 /* Project object */ = {
			isa = PBXProject;
			attributes = {
				LastSwiftUpdateCheck = 1140;
				LastUpgradeCheck = 1140;
				ORGANIZATIONNAME = Mero;
				TargetAttributes = {
					CFB50A8D246D6BDD0081D853 = {
						CreatedOnToolsVersion = 11.4.1;
					};
				};
			};
			buildConfigurationList = CFB50A89246D6BDD0081D853 /* Build configuration list for PBXProject "Hacker.News" */;
			compatibilityVersion = "Xcode 9.3";
			developmentRegion = en;
			hasScannedForEncodings = 0;
			knownRegions = (
				en,
				Base,
			);
			mainGroup = CFB50A85246D6BDD0081D853;
			productRefGroup = CFB50A8F246D6BDD0081D853 /* Products */;
			projectDirPath = "";
			projectRoot = "";
			targets = (
				CFB50A8D246D6BDD0081D853 /* Hacker.News */,
			);
		};
/* End PBXProject section */

/* Begin PBXResourcesBuildPhase section */
		CFB50A8C246D6BDD0081D853 /* Resources */ = {
			isa = PBXResourcesBuildPhase;
			buildActionMask = 2147483647;
			files = (
				CFB50A9E246D6BDF0081D853 /* LaunchScreen.storyboard in Resources */,
				CFB50A9B246D6BDF0081D853 /* Preview Assets.xcassets in Resources */,
				CFB50A98246D6BDF0081D853 /* Assets.xcassets in Resources */,
			);
			runOnlyForDeploymentPostprocessing = 0;
		};
/* End PBXResourcesBuildPhase section */

/* Begin PBXSourcesBuildPhase section */
		CFB50A8A246D6BDD0081D853 /* Sources */ = {
			isa = PBXSourcesBuildPhase;
			buildActionMask = 2147483647;
			files = (
				CFB50AA9246D72250081D853 /* PostData.swift in Sources */,
				CF5BAE48246DB86200EB1B60 /* DetailView.swift in Sources */,
				CFB50AA7246D70AA0081D853 /* NetworkManager.swift in Sources */,
				CFB50A92246D6BDD0081D853 /* AppDelegate.swift in Sources */,
				CFB50A94246D6BDD0081D853 /* SceneDelegate.swift in Sources */,
				CFB50A96246D6BDD0081D853 /* ContentView.swift in Sources */,
				CF5BAE4A246DBDE800EB1B60 /* WebView.swift in Sources */,
			);
			runOnlyForDeploymentPostprocessing = 0;
		};
/* End PBXSourcesBuildPhase section */

/* Begin PBXVariantGroup section */
		CFB50A9C246D6BDF0081D853 /* LaunchScreen.storyboard */ = {
			isa = PBXVariantGroup;
			children = (
				CFB50A9D246D6BDF0081D853 /* Base */,
			);
			name = LaunchScreen.storyboard;
			sourceTree = "<group>";
		};
/* End PBXVariantGroup section */

/* Begin XCBuildConfiguration section */
		CFB50AA0246D6BDF0081D853 /* Debug */ = {
			isa = XCBuildConfiguration;
			buildSettings = {
				ALWAYS_SEARCH_USER_PATHS = NO;
				CLANG_ANALYZER_NONNULL = YES;
				CLANG_ANALYZER_NUMBER_OBJECT_CONVERSION = YES_AGGRESSIVE;
				CLANG_CXX_LANGUAGE_STANDARD = "gnu++14";
				CLANG_CXX_LIBRARY = "libc++";
				CLANG_ENABLE_MODULES = YES;
				CLANG_ENABLE_OBJC_ARC = YES;
				CLANG_ENABLE_OBJC_WEAK = YES;
				CLANG_WARN_BLOCK_CAPTURE_AUTORELEASING = YES;
				CLANG_WARN_BOOL_CONVERSION = YES;
				CLANG_WARN_COMMA = YES;
				CLANG_WARN_CONSTANT_CONVERSION = YES;
				CLANG_WARN_DEPRECATED_OBJC_IMPLEMENTATIONS = YES;
				CLANG_WARN_DIRECT_OBJC_ISA_USAGE = YES_ERROR;
				CLANG_WARN_DOCUMENTATION_COMMENTS = YES;
				CLANG_WARN_EMPTY_BODY = YES;
				CLANG_WARN_ENUM_CONVERSION = YES;
				CLANG_WARN_INFINITE_RECURSION = YES;
				CLANG_WARN_INT_CONVERSION = YES;
				CLANG_WARN_NON_LITERAL_NULL_CONVERSION = YES;
				CLANG_WARN_OBJC_IMPLICIT_RETAIN_SELF = YES;
				CLANG_WARN_OBJC_LITERAL_CONVERSION = YES;
				CLANG_WARN_OBJC_ROOT_CLASS = YES_ERROR;
				CLANG_WARN_RANGE_LOOP_ANALYSIS = YES;
				CLANG_WARN_STRICT_PROTOTYPES = YES;
				CLANG_WARN_SUSPICIOUS_MOVE = YES;
				CLANG_WARN_UNGUARDED_AVAILABILITY = YES_AGGRESSIVE;
				CLANG_WARN_UNREACHABLE_CODE = YES;
				CLANG_WARN__DUPLICATE_METHOD_MATCH = YES;
				COPY_PHASE_STRIP = NO;
				DEBUG_INFORMATION_FORMAT = dwarf;
				ENABLE_STRICT_OBJC_MSGSEND = YES;
				ENABLE_TESTABILITY = YES;
				GCC_C_LANGUAGE_STANDARD = gnu11;
				GCC_DYNAMIC_NO_PIC = NO;
				GCC_NO_COMMON_BLOCKS = YES;
				GCC_OPTIMIZATION_LEVEL = 0;
				GCC_PREPROCESSOR_DEFINITIONS = (
					"DEBUG=1",
					"$(inherited)",
				);
				GCC_WARN_64_TO_32_BIT_CONVERSION = YES;
				GCC_WARN_ABOUT_RETURN_TYPE = YES_ERROR;
				GCC_WARN_UNDECLARED_SELECTOR = YES;
				GCC_WARN_UNINITIALIZED_AUTOS = YES_AGGRESSIVE;
				GCC_WARN_UNUSED_FUNCTION = YES;
				GCC_WARN_UNUSED_VARIABLE = YES;
				IPHONEOS_DEPLOYMENT_TARGET = 13.4;
				MTL_ENABLE_DEBUG_INFO = INCLUDE_SOURCE;
				MTL_FAST_MATH = YES;
				ONLY_ACTIVE_ARCH = YES;
				SDKROOT = iphoneos;
				SWIFT_ACTIVE_COMPILATION_CONDITIONS = DEBUG;
				SWIFT_OPTIMIZATION_LEVEL = "-Onone";
			};
			name = Debug;
		};
		CFB50AA1246D6BDF0081D853 /* Release */ = {
			isa = XCBuildConfiguration;
			buildSettings = {
				ALWAYS_SEARCH_USER_PATHS = NO;
				CLANG_ANALYZER_NONNULL = YES;
				CLANG_ANALYZER_NUMBER_OBJECT_CONVERSION = YES_AGGRESSIVE;
				CLANG_CXX_LANGUAGE_STANDARD = "gnu++14";
				CLANG_CXX_LIBRARY = "libc++";
				CLANG_ENABLE_MODULES = YES;
				CLANG_ENABLE_OBJC_ARC = YES;
				CLANG_ENABLE_OBJC_WEAK = YES;
				CLANG_WARN_BLOCK_CAPTURE_AUTORELEASING = YES;
				CLANG_WARN_BOOL_CONVERSION = YES;
				CLANG_WARN_COMMA = YES;
				CLANG_WARN_CONSTANT_CONVERSION = YES;
				CLANG_WARN_DEPRECATED_OBJC_IMPLEMENTATIONS = YES;
				CLANG_WARN_DIRECT_OBJC_ISA_USAGE = YES_ERROR;
				CLANG_WARN_DOCUMENTATION_COMMENTS = YES;
				CLANG_WARN_EMPTY_BODY = YES;
				CLANG_WARN_ENUM_CONVERSION = YES;
				CLANG_WARN_INFINITE_RECURSION = YES;
				CLANG_WARN_INT_CONVERSION = YES;
				CLANG_WARN_NON_LITERAL_NULL_CONVERSION = YES;
				CLANG_WARN_OBJC_IMPLICIT_RETAIN_SELF = YES;
				CLANG_WARN_OBJC_LITERAL_CONVERSION = YES;
				CLANG_WARN_OBJC_ROOT_CLASS = YES_ERROR;
				CLANG_WARN_RANGE_LOOP_ANALYSIS = YES;
				CLANG_WARN_STRICT_PROTOTYPES = YES;
				CLANG_WARN_SUSPICIOUS_MOVE = YES;
				CLANG_WARN_UNGUARDED_AVAILABILITY = YES_AGGRESSIVE;
				CLANG_WARN_UNREACHABLE_CODE = YES;
				CLANG_WARN__DUPLICATE_METHOD_MATCH = YES;
				COPY_PHASE_STRIP = NO;
				DEBUG_INFORMATION_FORMAT = "dwarf-with-dsym";
				ENABLE_NS_ASSERTIONS = NO;
				ENABLE_STRICT_OBJC_MSGSEND = YES;
				GCC_C_LANGUAGE_STANDARD = gnu11;
				GCC_NO_COMMON_BLOCKS = YES;
				GCC_WARN_64_TO_32_BIT_CONVERSION = YES;
				GCC_WARN_ABOUT_RETURN_TYPE = YES_ERROR;
				GCC_WARN_UNDECLARED_SELECTOR = YES;
				GCC_WARN_UNINITIALIZED_AUTOS = YES_AGGRESSIVE;
				GCC_WARN_UNUSED_FUNCTION = YES;
				GCC_WARN_UNUSED_VARIABLE = YES;
				IPHONEOS_DEPLOYMENT_TARGET = 13.4;
				MTL_ENABLE_DEBUG_INFO = NO;
				MTL_FAST_MATH = YES;
				SDKROOT = iphoneos;
				SWIFT_COMPILATION_MODE = wholemodule;
				SWIFT_OPTIMIZATION_LEVEL = "-O";
				VALIDATE_PRODUCT = YES;
			};
			name = Release;
		};
		CFB50AA3246D6BDF0081D853 /* Debug */ = {
			isa = XCBuildConfiguration;
			buildSettings = {
				ASSETCATALOG_COMPILER_APPICON_NAME = AppIcon;
				CODE_SIGN_ENTITLEMENTS = Hacker.News/Hacker.News.entitlements;
				CODE_SIGN_STYLE = Automatic;
				DEVELOPMENT_ASSET_PATHS = "\"Hacker.News/Preview Content\"";
				DEVELOPMENT_TEAM = N4CX3528X5;
				ENABLE_PREVIEWS = YES;
				INFOPLIST_FILE = Hacker.News/Info.plist;
				LD_RUNPATH_SEARCH_PATHS = (
					"$(inherited)",
					"@executable_path/Frameworks",
				);
				PRODUCT_BUNDLE_IDENTIFIER = "Mero.Hacker-News";
				PRODUCT_NAME = "$(TARGET_NAME)";
				SUPPORTS_MACCATALYST = YES;
				SWIFT_VERSION = 5.0;
				TARGETED_DEVICE_FAMILY = "1,2";
			};
			name = Debug;
		};
		CFB50AA4246D6BDF0081D853 /* Release */ = {
			isa = XCBuildConfiguration;
			buildSettings = {
				ASSETCATALOG_COMPILER_APPICON_NAME = AppIcon;
				CODE_SIGN_ENTITLEMENTS = Hacker.News/Hacker.News.entitlements;
				CODE_SIGN_STYLE = Automatic;
				DEVELOPMENT_ASSET_PATHS = "\"Hacker.News/Preview Content\"";
				DEVELOPMENT_TEAM = N4CX3528X5;
				ENABLE_PREVIEWS = YES;
				INFOPLIST_FILE = Hacker.News/Info.plist;
				LD_RUNPATH_SEARCH_PATHS = (
					"$(inherited)",
					"@executable_path/Frameworks",
				);
				PRODUCT_BUNDLE_IDENTIFIER = "Mero.Hacker-News";
				PRODUCT_NAME = "$(TARGET_NAME)";
				SUPPORTS_MACCATALYST = YES;
				SWIFT_VERSION = 5.0;
				TARGETED_DEVICE_FAMILY = "1,2";
			};
			name = Release;
		};
/* End XCBuildConfiguration section */

/* Begin XCConfigurationList section */
		CFB50A89246D6BDD0081D853 /* Build configuration list for PBXProject "Hacker.News" */ = {
			isa = XCConfigurationList;
			buildConfigurations = (
				CFB50AA0246D6BDF0081D853 /* Debug */,
				CFB50AA1246D6BDF0081D853 /* Release */,
			);
			defaultConfigurationIsVisible = 0;
			defaultConfigurationName = Release;
		};
		CFB50AA2246D6BDF0081D853 /* Build configuration list for PBXNativeTarget "Hacker.News" */ = {
			isa = XCConfigurationList;
			buildConfigurations = (
				CFB50AA3246D6BDF0081D853 /* Debug */,
				CFB50AA4246D6BDF0081D853 /* Release */,
			);
			defaultConfigurationIsVisible = 0;
			defaultConfigurationName = Release;
		};
/* End XCConfigurationList section */
	};
	rootObject = CFB50A86246D6BDD0081D853 /* Project object */;
}
